
Microsoft Visual Studio Solution File, Format Version 12.00
# Visual Studio Version 17
VisualStudioVersion = 17.9.34728.123
MinimumVisualStudioVersion = 10.0.40219.1
Project("{FAE04EC0-301F-11D3-BF4B-00C04F79EFBC}") = "CRUD application 2", "CRUD application 2.csproj", "{D44C1C21-0289-4DD0-B139-6825EE5C13B2}"
EndProject
Global
	GlobalSection(SolutionConfigurationPlatforms) = preSolution
		Debug|Any CPU = Debug|Any CPU
		Release|Any CPU = Release|Any CPU
	EndGlobalSection
	GlobalSection(ProjectConfigurationPlatforms) = postSolution
		{D44C1C21-0289-4DD0-B139-6825EE5C13B2}.Debug|Any CPU.ActiveCfg = Debug|Any CPU
		{D44C1C21-0289-4DD0-B139-6825EE5C13B2}.Debug|Any CPU.Build.0 = Debug|Any CPU
		{D44C1C21-0289-4DD0-B139-6825EE5C13B2}.Release|Any CPU.ActiveCfg = Release|Any CPU
		{D44C1C21-0289-4DD0-B139-6825EE5C13B2}.Release|Any CPU.Build.0 = Release|Any CPU
	EndGlobalSection
	GlobalSection(SolutionProperties) = preSolution
		HideSolutionNode = FALSE
	EndGlobalSection
	GlobalSection(ExtensibilityGlobals) = postSolution
		SolutionGuid = {68EE7CF0-DF4A-48DD-94F9-C4CEE984FEDC}
	EndGlobalSection
EndGlobal
